# This file is automatically @generated by Cargo.
# It is not intended for manual editing.
version = 3

[[package]]
name = "cln"
version = "0.1.0"
dependencies = [
 "json-event-parser",
]

[[package]]
name = "json-event-parser"
version = "0.1.1"
source = "registry+https://github.com/rust-lang/crates.io-index"
checksum = "32f12e624eaeb74accb9bb48f01cb071427f68115aaafa5689acb372d7e22977"
